
Microsoft Visual Studio Solution File, Format Version 12.00
# Visual Studio Version 16
VisualStudioVersion = 16.0.30128.74
MinimumVisualStudioVersion = 10.0.40219.1
Project("{FAE04EC0-301F-11D3-BF4B-00C04F79EFBC}") = "DecorationMaster", "DecorationMaster.csproj", "{154A867A-881B-4BE4-8B79-898A8CC3428C}"
EndProject
Global
	GlobalSection(SolutionConfigurationPlatforms) = preSolution
		Debug|Any CPU = Debug|Any CPU
		Release|Any CPU = Release|Any CPU
	EndGlobalSection
	GlobalSection(ProjectConfigurationPlatforms) = postSolution
		{154A867A-881B-4BE4-8B79-898A8CC3428C}.Debug|Any CPU.ActiveCfg = Debug|Any CPU
		{154A867A-881B-4BE4-8B79-898A8CC3428C}.Debug|Any CPU.Build.0 = Debug|Any CPU
		{154A867A-881B-4BE4-8B79-898A8CC3428C}.Release|Any CPU.ActiveCfg = Release|Any CPU
		{154A867A-881B-4BE4-8B79-898A8CC3428C}.Release|Any CPU.Build.0 = Release|Any CPU
	EndGlobalSection
	GlobalSection(SolutionProperties) = preSolution
		HideSolutionNode = FALSE
	EndGlobalSection
	GlobalSection(ExtensibilityGlobals) = postSolution
		SolutionGuid = {09B52B7E-0405-4DF1-8D88-DB592F772357}
	EndGlobalSection
EndGlobal
